github.com/baaazen/go-hid v0.0.0-20190401131953-44eba743c8a5 h1:V2ApbkCqxNdqPLeV/V45TpJe4AlEWGyXVAi5SI32Hc8=
github.com/baaazen/go-hid v0.0.0-20190401131953-44eba743c8a5/go.mod h1:/xua9OzQPfvc+TUREwSMRowrmefGvdvmN/dnAwcbINQ=
github.com/boombuler/hid v0.0.0-20200606170446-6a2dff8586bc h1:mPoyO6/N4SwSKRhuhYccA3dAVSnQFRl+3kuiTf9ptAQ=
github.com/boombuler/hid v0.0.0-20200606170446-6a2dff8586bc/go.mod h1:5tIGNm7VNPEAS8ulRl5g4wU/zCpPgj5vyYI5Bo77Hz8=
github.com/rob121/go-busylight v0.0.0-20190522072802-cf99bc616f6d h1:1KLIbLVlCqZW7v99Ikwx5B4v+hdBt8/7IYqQRDc0lDM=
github.com/rob121/go-busylight v0.0.0-20190522072802-cf99bc616f6d/go.mod h1:mxaqtJ/vy4IkkH+ym2l7y8vnsxU255qys127x5ZgU9Q=
